// !$*UTF8*$!
{
	archiveVersion = 1;
	classes = {
	};
	objectVersion = 46;
	objects = {

/* Begin PBXBuildFile section */
		329D0713151FCC8D00CBB007 /* main.cpp in Sources */ = {isa = PBXBuildFile; fileRef = 329D0712151FCC8D00CBB007 /* main.cpp */; };
		329D0715151FCC8D00CBB007 /* ciPTAM_cmd.1 in CopyFiles */ = {isa = PBXBuildFile; fileRef = 329D0714151FCC8D00CBB007 /* ciPTAM_cmd.1 */; };
/* End PBXBuildFile section */

/* Begin PBXCopyFilesBuildPhase section */
		329D070C151FCC8D00CBB007 /* CopyFiles */ = {
			isa = PBXCopyFilesBuildPhase;
			buildActionMask = 2147483647;
			dstPath = /usr/share/man/man1/;
			dstSubfolderSpec = 0;
			files = (
				329D0715151FCC8D00CBB007 /* ciPTAM_cmd.1 in CopyFiles */,
			);
			runOnlyForDeploymentPostprocessing = 1;
		};
/* End PBXCopyFilesBuildPhase section */

/* Begin PBXFileReference section */
		329D070E151FCC8D00CBB007 /* ciPTAM_cmd */ = {isa = PBXFileReference; explicitFileType = "compiled.mach-o.executable"; includeInIndex = 0; path = ciPTAM_cmd; sourceTree = BUILT_PRODUCTS_DIR; };
		329D0712151FCC8D00CBB007 /* main.cpp */ = {isa = PBXFileReference; lastKnownFileType = sourcecode.cpp.cpp; path = main.cpp; sourceTree = "<group>"; };
		329D0714151FCC8D00CBB007 /* ciPTAM_cmd.1 */ = {isa = PBXFileReference; lastKnownFileType = text.man; path = ciPTAM_cmd.1; sourceTree = "<group>"; };
/* End PBXFileReference section */

/* Begin PBXFrameworksBuildPhase section */
		329D070B151FCC8D00CBB007 /* Frameworks */ = {
			isa = PBXFrameworksBuildPhase;
			buildActionMask = 2147483647;
			files = (
			);
			runOnlyForDeploymentPostprocessing = 0;
		};
/* End PBXFrameworksBuildPhase section */

/* Begin PBXGroup section */
		329D0703151FCC8D00CBB007 = {
			isa = PBXGroup;
			children = (
				329D0711151FCC8D00CBB007 /* ciPTAM_cmd */,
				329D070F151FCC8D00CBB007 /* Products */,
			);
			sourceTree = "<group>";
		};
		329D070F151FCC8D00CBB007 /* Products */ = {
			isa = PBXGroup;
			children = (
				329D070E151FCC8D00CBB007 /* ciPTAM_cmd */,
			);
			name = Products;
			sourceTree = "<group>";
		};
		329D0711151FCC8D00CBB007 /* ciPTAM_cmd */ = {
			isa = PBXGroup;
			children = (
				329D0712151FCC8D00CBB007 /* main.cpp */,
				329D0714151FCC8D00CBB007 /* ciPTAM_cmd.1 */,
			);
			path = ciPTAM_cmd;
			sourceTree = "<group>";
		};
/* End PBXGroup section */

/* Begin PBXNativeTarget section */
		329D070D151FCC8D00CBB007 /* ciPTAM_cmd */ = {
			isa = PBXNativeTarget;
			buildConfigurationList = 329D0718151FCC8D00CBB007 /* Build configuration list for PBXNativeTarget "ciPTAM_cmd" */;
			buildPhases = (
				329D070A151FCC8D00CBB007 /* Sources */,
				329D070B151FCC8D00CBB007 /* Frameworks */,
				329D070C151FCC8D00CBB007 /* CopyFiles */,
			);
			buildRules = (
			);
			dependencies = (
			);
			name = ciPTAM_cmd;
			productName = ciPTAM_cmd;
			productReference = 329D070E151FCC8D00CBB007 /* ciPTAM_cmd */;
			productType = "com.apple.product-type.tool";
		};
/* End PBXNativeTarget section */

/* Begin PBXProject section */
		329D0705151FCC8D00CBB007 /* Project object */ = {
			isa = PBXProject;
			attributes = {
				LastUpgradeCheck = 0420;
			};
			buildConfigurationList = 329D0708151FCC8D00CBB007 /* Build configuration list for PBXProject "ciPTAM_cmd" */;
			compatibilityVersion = "Xcode 3.2";
			developmentRegion = English;
			hasScannedForEncodings = 0;
			knownRegions = (
				en,
			);
			mainGroup = 329D0703151FCC8D00CBB007;
			productRefGroup = 329D070F151FCC8D00CBB007 /* Products */;
			projectDirPath = "";
			projectRoot = "";
			targets = (
				329D070D151FCC8D00CBB007 /* ciPTAM_cmd */,
			);
		};
/* End PBXProject section */

/* Begin PBXSourcesBuildPhase section */
		329D070A151FCC8D00CBB007 /* Sources */ = {
			isa = PBXSourcesBuildPhase;
			buildActionMask = 2147483647;
			files = (
				329D0713151FCC8D00CBB007 /* main.cpp in Sources */,
			);
			runOnlyForDeploymentPostprocessing = 0;
		};
/* End PBXSourcesBuildPhase section */

/* Begin XCBuildConfiguration section */
		329D0716151FCC8D00CBB007 /* Debug */ = {
			isa = XCBuildConfiguration;
			buildSettings = {
				ALWAYS_SEARCH_USER_PATHS = NO;
				ARCHS = "$(ARCHS_STANDARD_64_BIT)";
				CLANG_ENABLE_OBJC_ARC = YES;
				COPY_PHASE_STRIP = NO;
				GCC_C_LANGUAGE_STANDARD = gnu99;
				GCC_DYNAMIC_NO_PIC = NO;
				GCC_ENABLE_OBJC_EXCEPTIONS = YES;
				GCC_OPTIMIZATION_LEVEL = 0;
				GCC_PREPROCESSOR_DEFINITIONS = (
					"DEBUG=1",
					"$(inherited)",
				);
				GCC_SYMBOLS_PRIVATE_EXTERN = NO;
				GCC_VERSION = com.apple.compilers.llvm.clang.1_0;
				GCC_WARN_64_TO_32_BIT_CONVERSION = YES;
				GCC_WARN_ABOUT_MISSING_PROTOTYPES = YES;
				GCC_WARN_ABOUT_RETURN_TYPE = YES;
				GCC_WARN_UNUSED_VARIABLE = YES;
				MACOSX_DEPLOYMENT_TARGET = 10.7;
				ONLY_ACTIVE_ARCH = YES;
				SDKROOT = macosx;
			};
			name = Debug;
		};
		329D0717151FCC8D00CBB007 /* Release */ = {
			isa = XCBuildConfiguration;
			buildSettings = {
				ALWAYS_SEARCH_USER_PATHS = NO;
				ARCHS = "$(ARCHS_STANDARD_64_BIT)";
				CLANG_ENABLE_OBJC_ARC = YES;
				COPY_PHASE_STRIP = YES;
				DEBUG_INFORMATION_FORMAT = "dwarf-with-dsym";
				GCC_C_LANGUAGE_STANDARD = gnu99;
				GCC_ENABLE_OBJC_EXCEPTIONS = YES;
				GCC_VERSION = com.apple.compilers.llvm.clang.1_0;
				GCC_WARN_64_TO_32_BIT_CONVERSION = YES;
				GCC_WARN_ABOUT_MISSING_PROTOTYPES = YES;
				GCC_WARN_ABOUT_RETURN_TYPE = YES;
				GCC_WARN_UNUSED_VARIABLE = YES;
				MACOSX_DEPLOYMENT_TARGET = 10.7;
				SDKROOT = macosx;
			};
			name = Release;
		};
		329D0719151FCC8D00CBB007 /* Debug */ = {
			isa = XCBuildConfiguration;
			buildSettings = {
				PRODUCT_NAME = "$(TARGET_NAME)";
			};
			name = Debug;
		};
		329D071A151FCC8D00CBB007 /* Release */ = {
			isa = XCBuildConfiguration;
			buildSettings = {
				PRODUCT_NAME = "$(TARGET_NAME)";
			};
			name = Release;
		};
/* End XCBuildConfiguration section */

/* Begin XCConfigurationList section */
		329D0708151FCC8D00CBB007 /* Build configuration list for PBXProject "ciPTAM_cmd" */ = {
			isa = XCConfigurationList;
			buildConfigurations = (
				329D0716151FCC8D00CBB007 /* Debug */,
				329D0717151FCC8D00CBB007 /* Release */,
			);
			defaultConfigurationIsVisible = 0;
			defaultConfigurationName = Release;
		};
		329D0718151FCC8D00CBB007 /* Build configuration list for PBXNativeTarget "ciPTAM_cmd" */ = {
			isa = XCConfigurationList;
			buildConfigurations = (
				329D0719151FCC8D00CBB007 /* Debug */,
				329D071A151FCC8D00CBB007 /* Release */,
			);
			defaultConfigurationIsVisible = 0;
		};
/* End XCConfigurationList section */
	};
	rootObject = 329D0705151FCC8D00CBB007 /* Project object */;
}
