// !$*UTF8*$!
{
	archiveVersion = 1;
	classes = {
	};
	objectVersion = 46;
	objects = {

/* Begin PBXBuildFile section */
		329E1FD1151FD39C00F74DF4 /* main.cpp in Sources */ = {isa = PBXBuildFile; fileRef = 329E1FD0151FD39C00F74DF4 /* main.cpp */; };
		329E1FD3151FD39C00F74DF4 /* ciPTAM_test.1 in CopyFiles */ = {isa = PBXBuildFile; fileRef = 329E1FD2151FD39C00F74DF4 /* ciPTAM_test.1 */; };
/* End PBXBuildFile section */

/* Begin PBXCopyFilesBuildPhase section */
		329E1FCA151FD39C00F74DF4 /* CopyFiles */ = {
			isa = PBXCopyFilesBuildPhase;
			buildActionMask = 2147483647;
			dstPath = /usr/share/man/man1/;
			dstSubfolderSpec = 0;
			files = (
				329E1FD3151FD39C00F74DF4 /* ciPTAM_test.1 in CopyFiles */,
			);
			runOnlyForDeploymentPostprocessing = 1;
		};
/* End PBXCopyFilesBuildPhase section */

/* Begin PBXFileReference section */
		329E1FCC151FD39C00F74DF4 /* ciPTAM_test */ = {isa = PBXFileReference; explicitFileType = "compiled.mach-o.executable"; includeInIndex = 0; path = ciPTAM_test; sourceTree = BUILT_PRODUCTS_DIR; };
		329E1FD0151FD39C00F74DF4 /* main.cpp */ = {isa = PBXFileReference; lastKnownFileType = sourcecode.cpp.cpp; path = main.cpp; sourceTree = "<group>"; };
		329E1FD2151FD39C00F74DF4 /* ciPTAM_test.1 */ = {isa = PBXFileReference; lastKnownFileType = text.man; path = ciPTAM_test.1; sourceTree = "<group>"; };
/* End PBXFileReference section */

/* Begin PBXFrameworksBuildPhase section */
		329E1FC9151FD39C00F74DF4 /* Frameworks */ = {
			isa = PBXFrameworksBuildPhase;
			buildActionMask = 2147483647;
			files = (
			);
			runOnlyForDeploymentPostprocessing = 0;
		};
/* End PBXFrameworksBuildPhase section */

/* Begin PBXGroup section */
		329E1FC1151FD39C00F74DF4 = {
			isa = PBXGroup;
			children = (
				329E1FCF151FD39C00F74DF4 /* ciPTAM_test */,
				329E1FCD151FD39C00F74DF4 /* Products */,
			);
			sourceTree = "<group>";
		};
		329E1FCD151FD39C00F74DF4 /* Products */ = {
			isa = PBXGroup;
			children = (
				329E1FCC151FD39C00F74DF4 /* ciPTAM_test */,
			);
			name = Products;
			sourceTree = "<group>";
		};
		329E1FCF151FD39C00F74DF4 /* ciPTAM_test */ = {
			isa = PBXGroup;
			children = (
				329E1FD0151FD39C00F74DF4 /* main.cpp */,
				329E1FD2151FD39C00F74DF4 /* ciPTAM_test.1 */,
			);
			path = ciPTAM_test;
			sourceTree = "<group>";
		};
/* End PBXGroup section */

/* Begin PBXNativeTarget section */
		329E1FCB151FD39C00F74DF4 /* ciPTAM_test */ = {
			isa = PBXNativeTarget;
			buildConfigurationList = 329E1FD6151FD39C00F74DF4 /* Build configuration list for PBXNativeTarget "ciPTAM_test" */;
			buildPhases = (
				329E1FC8151FD39C00F74DF4 /* Sources */,
				329E1FC9151FD39C00F74DF4 /* Frameworks */,
				329E1FCA151FD39C00F74DF4 /* CopyFiles */,
			);
			buildRules = (
			);
			dependencies = (
			);
			name = ciPTAM_test;
			productName = ciPTAM_test;
			productReference = 329E1FCC151FD39C00F74DF4 /* ciPTAM_test */;
			productType = "com.apple.product-type.tool";
		};
/* End PBXNativeTarget section */

/* Begin PBXProject section */
		329E1FC3151FD39C00F74DF4 /* Project object */ = {
			isa = PBXProject;
			attributes = {
				LastUpgradeCheck = 0420;
			};
			buildConfigurationList = 329E1FC6151FD39C00F74DF4 /* Build configuration list for PBXProject "ciPTAM_test" */;
			compatibilityVersion = "Xcode 3.2";
			developmentRegion = English;
			hasScannedForEncodings = 0;
			knownRegions = (
				en,
			);
			mainGroup = 329E1FC1151FD39C00F74DF4;
			productRefGroup = 329E1FCD151FD39C00F74DF4 /* Products */;
			projectDirPath = "";
			projectRoot = "";
			targets = (
				329E1FCB151FD39C00F74DF4 /* ciPTAM_test */,
			);
		};
/* End PBXProject section */

/* Begin PBXSourcesBuildPhase section */
		329E1FC8151FD39C00F74DF4 /* Sources */ = {
			isa = PBXSourcesBuildPhase;
			buildActionMask = 2147483647;
			files = (
				329E1FD1151FD39C00F74DF4 /* main.cpp in Sources */,
			);
			runOnlyForDeploymentPostprocessing = 0;
		};
/* End PBXSourcesBuildPhase section */

/* Begin XCBuildConfiguration section */
		329E1FD4151FD39C00F74DF4 /* Debug */ = {
			isa = XCBuildConfiguration;
			buildSettings = {
				ALWAYS_SEARCH_USER_PATHS = NO;
				ARCHS = "$(ARCHS_STANDARD_64_BIT)";
				CLANG_ENABLE_OBJC_ARC = YES;
				COPY_PHASE_STRIP = NO;
				GCC_C_LANGUAGE_STANDARD = gnu99;
				GCC_DYNAMIC_NO_PIC = NO;
				GCC_ENABLE_OBJC_EXCEPTIONS = YES;
				GCC_OPTIMIZATION_LEVEL = 0;
				GCC_PREPROCESSOR_DEFINITIONS = (
					"DEBUG=1",
					"$(inherited)",
				);
				GCC_SYMBOLS_PRIVATE_EXTERN = NO;
				GCC_VERSION = com.apple.compilers.llvm.clang.1_0;
				GCC_WARN_64_TO_32_BIT_CONVERSION = YES;
				GCC_WARN_ABOUT_MISSING_PROTOTYPES = YES;
				GCC_WARN_ABOUT_RETURN_TYPE = YES;
				GCC_WARN_UNUSED_VARIABLE = YES;
				MACOSX_DEPLOYMENT_TARGET = 10.7;
				ONLY_ACTIVE_ARCH = YES;
				SDKROOT = macosx;
			};
			name = Debug;
		};
		329E1FD5151FD39C00F74DF4 /* Release */ = {
			isa = XCBuildConfiguration;
			buildSettings = {
				ALWAYS_SEARCH_USER_PATHS = NO;
				ARCHS = "$(ARCHS_STANDARD_64_BIT)";
				CLANG_ENABLE_OBJC_ARC = YES;
				COPY_PHASE_STRIP = YES;
				DEBUG_INFORMATION_FORMAT = "dwarf-with-dsym";
				GCC_C_LANGUAGE_STANDARD = gnu99;
				GCC_ENABLE_OBJC_EXCEPTIONS = YES;
				GCC_VERSION = com.apple.compilers.llvm.clang.1_0;
				GCC_WARN_64_TO_32_BIT_CONVERSION = YES;
				GCC_WARN_ABOUT_MISSING_PROTOTYPES = YES;
				GCC_WARN_ABOUT_RETURN_TYPE = YES;
				GCC_WARN_UNUSED_VARIABLE = YES;
				MACOSX_DEPLOYMENT_TARGET = 10.7;
				SDKROOT = macosx;
			};
			name = Release;
		};
		329E1FD7151FD39C00F74DF4 /* Debug */ = {
			isa = XCBuildConfiguration;
			buildSettings = {
				PRODUCT_NAME = "$(TARGET_NAME)";
			};
			name = Debug;
		};
		329E1FD8151FD39C00F74DF4 /* Release */ = {
			isa = XCBuildConfiguration;
			buildSettings = {
				PRODUCT_NAME = "$(TARGET_NAME)";
			};
			name = Release;
		};
/* End XCBuildConfiguration section */

/* Begin XCConfigurationList section */
		329E1FC6151FD39C00F74DF4 /* Build configuration list for PBXProject "ciPTAM_test" */ = {
			isa = XCConfigurationList;
			buildConfigurations = (
				329E1FD4151FD39C00F74DF4 /* Debug */,
				329E1FD5151FD39C00F74DF4 /* Release */,
			);
			defaultConfigurationIsVisible = 0;
			defaultConfigurationName = Release;
		};
		329E1FD6151FD39C00F74DF4 /* Build configuration list for PBXNativeTarget "ciPTAM_test" */ = {
			isa = XCConfigurationList;
			buildConfigurations = (
				329E1FD7151FD39C00F74DF4 /* Debug */,
				329E1FD8151FD39C00F74DF4 /* Release */,
			);
			defaultConfigurationIsVisible = 0;
		};
/* End XCConfigurationList section */
	};
	rootObject = 329E1FC3151FD39C00F74DF4 /* Project object */;
}
